{
  "requires": true,
  "lockfileVersion": 1,
  "dependencies": {
    "react-native-ftp-jm": {
      "version": "1.2.5",
      "resolved": "https://registry.npmjs.org/react-native-ftp-jm/-/react-native-ftp-jm-1.2.5.tgz",
      "integrity": "sha512-D8zOzu4Stiwp60Q2jQK0XnsZHx1fC1GgINqR7/I1ZgpuHR7V1tZdISPk/AKQocPEodlQK3I/4q1KV6aluLLuZA=="
    }
  }
}
